
Microsoft Visual Studio Solution File, Format Version 12.00
# Visual Studio 15
VisualStudioVersion = 15.0.27703.2042
MinimumVisualStudioVersion = 10.0.40219.1
Project("{FAE04EC0-301F-11D3-BF4B-00C04F79EFBC}") = "testEF", "testEF\testEF.csproj", "{B67BE87F-9624-42FB-8034-D39B6E405D01}"
EndProject
Global
	GlobalSection(SolutionConfigurationPlatforms) = preSolution
		Debug|Any CPU = Debug|Any CPU
		Release|Any CPU = Release|Any CPU
	EndGlobalSection
	GlobalSection(ProjectConfigurationPlatforms) = postSolution
		{B67BE87F-9624-42FB-8034-D39B6E405D01}.Debug|Any CPU.ActiveCfg = Debug|Any CPU
		{B67BE87F-9624-42FB-8034-D39B6E405D01}.Debug|Any CPU.Build.0 = Debug|Any CPU
		{B67BE87F-9624-42FB-8034-D39B6E405D01}.Release|Any CPU.ActiveCfg = Release|Any CPU
		{B67BE87F-9624-42FB-8034-D39B6E405D01}.Release|Any CPU.Build.0 = Release|Any CPU
	EndGlobalSection
	GlobalSection(SolutionProperties) = preSolution
		HideSolutionNode = FALSE
	EndGlobalSection
	GlobalSection(ExtensibilityGlobals) = postSolution
		SolutionGuid = {4B15AB6A-8E67-43D0-AD6B-160052B7EFEF}
	EndGlobalSection
EndGlobal
